// !$*UTF8*$!
{
	archiveVersion = 1;
	classes = {
	};
	objectVersion = 46;
	objects = {

/* Begin PBXAggregateTarget section */
		0ADCC83754D34BBDA451DDD3 /* qt-mobile_autogen */ = {
			isa = PBXAggregateTarget;
			buildConfigurationList = AA7A7EDC1A494A299186450F /* Build configuration list for PBXAggregateTarget "qt-mobile_autogen" */;
			buildPhases = (
				FDC80D61891DCA5FBF5B5016 /* Generate CMakeFiles/qt-mobile_autogen */,
			);
			dependencies = (
				FC90972FA4FB4CC98DC32CEE /* PBXTargetDependency */,
			);
			name = "qt-mobile_autogen";
			productName = "qt-mobile_autogen";
		};
		62B93B208878439C9EE9F318 /* install */ = {
			isa = PBXAggregateTarget;
			buildConfigurationList = E22DF8AAEF8044268F502458 /* Build configuration list for PBXAggregateTarget "install" */;
			buildPhases = (
				93426DA6A4AC2C2AC9CE883C /* CMake PostBuild Rules */,
			);
			dependencies = (
				075DAAB92D164508AB5A2EA6 /* PBXTargetDependency */,
			);
			name = install;
			productName = install;
		};
		B435E15BE11443309FCA0897 /* ALL_BUILD */ = {
			isa = PBXAggregateTarget;
			buildConfigurationList = 2815076CD6774D758D0C09C4 /* Build configuration list for PBXAggregateTarget "ALL_BUILD" */;
			buildPhases = (
				42526889B6A9433F85C5F180 /* Generate CMakeFiles/ALL_BUILD */,
			);
			dependencies = (
				5B1EAF3944D0428A9A2AD2BB /* PBXTargetDependency */,
				7C783144FA0E4F7DAC14A7A6 /* PBXTargetDependency */,
			);
			name = ALL_BUILD;
			productName = ALL_BUILD;
		};
		C0A12B5C07FD4A298CDDE11B /* ZERO_CHECK */ = {
			isa = PBXAggregateTarget;
			buildConfigurationList = 477F1DC0BF464914A85DEC53 /* Build configuration list for PBXAggregateTarget "ZERO_CHECK" */;
			buildPhases = (
				9078121BF0B2AA82FD9698B4 /* Generate CMakeFiles/ZERO_CHECK */,
			);
			dependencies = (
			);
			name = ZERO_CHECK;
			productName = ZERO_CHECK;
		};
/* End PBXAggregateTarget section */

/* Begin PBXBuildFile section */
		1BE60F70F29D4B7CBD33BAB3 /* /Users/user/dev/c/qt-mobile/build-qt-mobile-Qt_6_6_2_for_iOS_399b7e/qt-mobile_autogen/include/ui_mainwindow.h */ = {isa = PBXBuildFile; fileRef = BBB9D4F38B954477900E991C /* /Users/user/dev/c/qt-mobile/build-qt-mobile-Qt_6_6_2_for_iOS_399b7e/qt-mobile_autogen/include/ui_mainwindow.h */; };
		254F0C11B00B4760870192CE /* /Users/user/dev/c/qt-mobile/qt-mobile/mainwindow.cpp */ = {isa = PBXBuildFile; fileRef = 16360FA433644A64A600521A /* /Users/user/dev/c/qt-mobile/qt-mobile/mainwindow.cpp */; };
		7B58727B6FE741A2ADA9D083 /* /Users/user/dev/c/qt-mobile/build-qt-mobile-Qt_6_6_2_for_iOS_399b7e/.qt/launch_screen_storyboards/qt_mobile/LaunchScreen.storyboard */ = {isa = PBXBuildFile; fileRef = 32CF2010CFF043B69EED2948 /* /Users/user/dev/c/qt-mobile/build-qt-mobile-Qt_6_6_2_for_iOS_399b7e/.qt/launch_screen_storyboards/qt_mobile/LaunchScreen.storyboard */; };
		8D0F354B965A4071A09CB800 /* /Users/user/dev/c/qt-mobile/qt-mobile/mainwindow.ui */ = {isa = PBXBuildFile; fileRef = 032930368DB1454380C9EAA3 /* /Users/user/dev/c/qt-mobile/qt-mobile/mainwindow.ui */; };
		8F2DA1559AA840049103275E /* /Users/user/dev/c/qt-mobile/qt-mobile/main.cpp */ = {isa = PBXBuildFile; fileRef = EC7B4D93FEE6428F8068BBA7 /* /Users/user/dev/c/qt-mobile/qt-mobile/main.cpp */; };
		9008E23AA3D54081895FBEE5 /* /Users/user/dev/c/qt-mobile/qt-mobile/CMakeLists.txt */ = {isa = PBXBuildFile; fileRef = AAEF00BC1F9A463FB6CC69D2 /* /Users/user/dev/c/qt-mobile/qt-mobile/CMakeLists.txt */; };
		955E3BCA7B2C4CB9BA11E217 /* /Users/user/dev/c/qt-mobile/build-qt-mobile-Qt_6_6_2_for_iOS_399b7e/qt-mobile_autogen/mocs_compilation.cpp */ = {isa = PBXBuildFile; fileRef = 0BF441AAE11A4D8980E3CE29 /* /Users/user/dev/c/qt-mobile/build-qt-mobile-Qt_6_6_2_for_iOS_399b7e/qt-mobile_autogen/mocs_compilation.cpp */; };
		B46DBEB991454141A1958281 /* /Users/user/dev/c/qt-mobile/build-qt-mobile-Qt_6_6_2_for_iOS_399b7e/CMakeFiles/qt-mobile.dir/Info.plist */ = {isa = PBXBuildFile; fileRef = C9AB218A6542413C8C430F1E /* /Users/user/dev/c/qt-mobile/build-qt-mobile-Qt_6_6_2_for_iOS_399b7e/CMakeFiles/qt-mobile.dir/Info.plist */; };
		EB7027CBD2584D75BF2918FA /* /Users/user/dev/c/qt-mobile/qt-mobile/mainwindow.h */ = {isa = PBXBuildFile; fileRef = B08F08805B9A465C9C3DB866 /* /Users/user/dev/c/qt-mobile/qt-mobile/mainwindow.h */; };
/* End PBXBuildFile section */

/* Begin PBXBuildStyle section */
		218AC9B66FBE4357A4590463 /* Debug */ = {
			isa = PBXBuildStyle;
			buildSettings = {
				COPY_PHASE_STRIP = NO;
			};
			name = Debug;
		};
		A5C68EA6D9154B139327C17B /* RelWithDebInfo */ = {
			isa = PBXBuildStyle;
			buildSettings = {
				COPY_PHASE_STRIP = NO;
			};
			name = RelWithDebInfo;
		};
		C2875FA309084C0590F03555 /* MinSizeRel */ = {
			isa = PBXBuildStyle;
			buildSettings = {
				COPY_PHASE_STRIP = NO;
			};
			name = MinSizeRel;
		};
		F76C26C497F746C0ADE132FA /* Release */ = {
			isa = PBXBuildStyle;
			buildSettings = {
				COPY_PHASE_STRIP = NO;
			};
			name = Release;
		};
/* End PBXBuildStyle section */

/* Begin PBXContainerItemProxy section */
		0BF8BEAFBC0243E1B028A517 /* PBXContainerItemProxy */ = {
			isa = PBXContainerItemProxy;
			containerPortal = A741A1130B1D42A7A1725ECE /* Project object */;
			proxyType = 1;
			remoteGlobalIDString = C0A12B5C07FD4A298CDDE11B;
			remoteInfo = ZERO_CHECK;
		};
		28C54F73B9C4406DA3DB1084 /* PBXContainerItemProxy */ = {
			isa = PBXContainerItemProxy;
			containerPortal = A741A1130B1D42A7A1725ECE /* Project object */;
			proxyType = 1;
			remoteGlobalIDString = C0A12B5C07FD4A298CDDE11B;
			remoteInfo = ZERO_CHECK;
		};
		47FF48C837D34B35A564EABC /* PBXContainerItemProxy */ = {
			isa = PBXContainerItemProxy;
			containerPortal = A741A1130B1D42A7A1725ECE /* Project object */;
			proxyType = 1;
			remoteGlobalIDString = 0ADCC83754D34BBDA451DDD3;
			remoteInfo = "qt-mobile_autogen";
		};
		5C395213831B4F4EA75D7510 /* PBXContainerItemProxy */ = {
			isa = PBXContainerItemProxy;
			containerPortal = A741A1130B1D42A7A1725ECE /* Project object */;
			proxyType = 1;
			remoteGlobalIDString = C0A12B5C07FD4A298CDDE11B;
			remoteInfo = ZERO_CHECK;
		};
		7C1DFD2C21C34583917B4FBA /* PBXContainerItemProxy */ = {
			isa = PBXContainerItemProxy;
			containerPortal = A741A1130B1D42A7A1725ECE /* Project object */;
			proxyType = 1;
			remoteGlobalIDString = 1A8297FF1B1249D592ABF828;
			remoteInfo = "qt-mobile";
		};
		AE41D421ACE74CA2BA59ED3E /* PBXContainerItemProxy */ = {
			isa = PBXContainerItemProxy;
			containerPortal = A741A1130B1D42A7A1725ECE /* Project object */;
			proxyType = 1;
			remoteGlobalIDString = B435E15BE11443309FCA0897;
			remoteInfo = ALL_BUILD;
		};
/* End PBXContainerItemProxy section */

/* Begin PBXFileReference section */
		032930368DB1454380C9EAA3 /* /Users/user/dev/c/qt-mobile/qt-mobile/mainwindow.ui */ = {isa = PBXFileReference; explicitFileType = sourcecode; fileEncoding = 4; name = mainwindow.ui; path = mainwindow.ui; sourceTree = SOURCE_ROOT; };
		0BF441AAE11A4D8980E3CE29 /* /Users/user/dev/c/qt-mobile/build-qt-mobile-Qt_6_6_2_for_iOS_399b7e/qt-mobile_autogen/mocs_compilation.cpp */ = {isa = PBXFileReference; explicitFileType = sourcecode.cpp.cpp; fileEncoding = 4; name = mocs_compilation.cpp; path = "/Users/user/dev/c/qt-mobile/build-qt-mobile-Qt_6_6_2_for_iOS_399b7e/qt-mobile_autogen/mocs_compilation.cpp"; sourceTree = "<absolute>"; };
		16360FA433644A64A600521A /* /Users/user/dev/c/qt-mobile/qt-mobile/mainwindow.cpp */ = {isa = PBXFileReference; explicitFileType = sourcecode.cpp.cpp; fileEncoding = 4; name = mainwindow.cpp; path = mainwindow.cpp; sourceTree = SOURCE_ROOT; };
		32CF2010CFF043B69EED2948 /* /Users/user/dev/c/qt-mobile/build-qt-mobile-Qt_6_6_2_for_iOS_399b7e/.qt/launch_screen_storyboards/qt_mobile/LaunchScreen.storyboard */ = {isa = PBXFileReference; fileEncoding = 4; lastKnownFileType = file.storyboard; name = LaunchScreen.storyboard; path = "/Users/user/dev/c/qt-mobile/build-qt-mobile-Qt_6_6_2_for_iOS_399b7e/.qt/launch_screen_storyboards/qt_mobile/LaunchScreen.storyboard"; sourceTree = "<absolute>"; };
		AAEF00BC1F9A463FB6CC69D2 /* /Users/user/dev/c/qt-mobile/qt-mobile/CMakeLists.txt */ = {isa = PBXFileReference; explicitFileType = sourcecode.text; fileEncoding = 4; name = CMakeLists.txt; path = CMakeLists.txt; sourceTree = SOURCE_ROOT; };
		B08F08805B9A465C9C3DB866 /* /Users/user/dev/c/qt-mobile/qt-mobile/mainwindow.h */ = {isa = PBXFileReference; explicitFileType = sourcecode.c.h; fileEncoding = 4; name = mainwindow.h; path = mainwindow.h; sourceTree = SOURCE_ROOT; };
		BBB9D4F38B954477900E991C /* /Users/user/dev/c/qt-mobile/build-qt-mobile-Qt_6_6_2_for_iOS_399b7e/qt-mobile_autogen/include/ui_mainwindow.h */ = {isa = PBXFileReference; explicitFileType = sourcecode.c.h; fileEncoding = 4; name = ui_mainwindow.h; path = "/Users/user/dev/c/qt-mobile/build-qt-mobile-Qt_6_6_2_for_iOS_399b7e/qt-mobile_autogen/include/ui_mainwindow.h"; sourceTree = "<absolute>"; };
		C4B360D40A1A4EE4A96E86DC /* /Users/user/dev/c/qt-mobile/qt-mobile/CMakeLists.txt */ = {isa = PBXFileReference; explicitFileType = sourcecode.text; fileEncoding = 4; name = CMakeLists.txt; path = CMakeLists.txt; sourceTree = SOURCE_ROOT; };
		C9AB218A6542413C8C430F1E /* /Users/user/dev/c/qt-mobile/build-qt-mobile-Qt_6_6_2_for_iOS_399b7e/CMakeFiles/qt-mobile.dir/Info.plist */ = {isa = PBXFileReference; explicitFileType = sourcecode.text.plist; fileEncoding = 4; name = Info.plist; path = "/Users/user/dev/c/qt-mobile/build-qt-mobile-Qt_6_6_2_for_iOS_399b7e/CMakeFiles/qt-mobile.dir/Info.plist"; sourceTree = "<absolute>"; };
		EA7A5DC077F647C18FD878A8 /* qt-mobile */ = {isa = PBXFileReference; explicitFileType = "compiled.mach-o.executable"; path = "qt-mobile"; sourceTree = BUILT_PRODUCTS_DIR; };
		EC7B4D93FEE6428F8068BBA7 /* /Users/user/dev/c/qt-mobile/qt-mobile/main.cpp */ = {isa = PBXFileReference; explicitFileType = sourcecode.cpp.cpp; fileEncoding = 4; name = main.cpp; path = main.cpp; sourceTree = SOURCE_ROOT; };
		F0B72DE446384B949D6C8997 /* /Users/user/dev/c/qt-mobile/qt-mobile/CMakeLists.txt */ = {isa = PBXFileReference; explicitFileType = sourcecode.text; fileEncoding = 4; name = CMakeLists.txt; path = CMakeLists.txt; sourceTree = SOURCE_ROOT; };
/* End PBXFileReference section */

/* Begin PBXFrameworksBuildPhase section */
		D70870C2EA7545E087B3DA65 /* Frameworks */ = {
			isa = PBXFrameworksBuildPhase;
			buildActionMask = 2147483647;
			files = (
			);
			runOnlyForDeploymentPostprocessing = 0;
		};
/* End PBXFrameworksBuildPhase section */

/* Begin PBXGroup section */
		10BF55EDC40847EB8ECDBFCC /* Resources */ = {
			isa = PBXGroup;
			children = (
				32CF2010CFF043B69EED2948 /* /Users/user/dev/c/qt-mobile/build-qt-mobile-Qt_6_6_2_for_iOS_399b7e/.qt/launch_screen_storyboards/qt_mobile/LaunchScreen.storyboard */,
				C9AB218A6542413C8C430F1E /* /Users/user/dev/c/qt-mobile/build-qt-mobile-Qt_6_6_2_for_iOS_399b7e/CMakeFiles/qt-mobile.dir/Info.plist */,
			);
			name = Resources;
			sourceTree = "<group>";
		};
		476FB2AC2F6F48D492A401F8 /* Resources */ = {
			isa = PBXGroup;
			children = (
			);
			name = Resources;
			sourceTree = "<group>";
		};
		72E808483289423FA45E805B /* CMake Rules */ = {
			isa = PBXGroup;
			children = (
			);
			name = "CMake Rules";
			sourceTree = "<group>";
		};
		7EE2F8A93B354394A6ACA520 /* Header Files */ = {
			isa = PBXGroup;
			children = (
				BBB9D4F38B954477900E991C /* /Users/user/dev/c/qt-mobile/build-qt-mobile-Qt_6_6_2_for_iOS_399b7e/qt-mobile_autogen/include/ui_mainwindow.h */,
				B08F08805B9A465C9C3DB866 /* /Users/user/dev/c/qt-mobile/qt-mobile/mainwindow.h */,
			);
			name = "Header Files";
			sourceTree = "<group>";
		};
		85A7C7723E91484CB37CF9ED /* Frameworks */ = {
			isa = PBXGroup;
			children = (
			);
			name = Frameworks;
			sourceTree = "<group>";
		};
		9D16532038684BB4B1C4C95B = {
			isa = PBXGroup;
			children = (
				D2411695B92244B5A60CA2F5 /* qt-mobile */,
				9D45675F46C944E68D68E58D /* qt-mobile_autogen */,
				E33ECE9084174FDD8A998A76 /* ALL_BUILD */,
				F301FA8543914DBF9C91F79E /* Products */,
				85A7C7723E91484CB37CF9ED /* Frameworks */,
				476FB2AC2F6F48D492A401F8 /* Resources */,
			);
			sourceTree = "<group>";
		};
		9D45675F46C944E68D68E58D /* qt-mobile_autogen */ = {
			isa = PBXGroup;
			children = (
				72E808483289423FA45E805B /* CMake Rules */,
				C4B360D40A1A4EE4A96E86DC /* /Users/user/dev/c/qt-mobile/qt-mobile/CMakeLists.txt */,
			);
			name = "qt-mobile_autogen";
			sourceTree = "<group>";
		};
		B72F73F699D34AAB996BCB32 /* CMake Rules */ = {
			isa = PBXGroup;
			children = (
			);
			name = "CMake Rules";
			sourceTree = "<group>";
		};
		C1868892311A46F68D871846 /* Source Files */ = {
			isa = PBXGroup;
			children = (
				0BF441AAE11A4D8980E3CE29 /* /Users/user/dev/c/qt-mobile/build-qt-mobile-Qt_6_6_2_for_iOS_399b7e/qt-mobile_autogen/mocs_compilation.cpp */,
				EC7B4D93FEE6428F8068BBA7 /* /Users/user/dev/c/qt-mobile/qt-mobile/main.cpp */,
				16360FA433644A64A600521A /* /Users/user/dev/c/qt-mobile/qt-mobile/mainwindow.cpp */,
			);
			name = "Source Files";
			sourceTree = "<group>";
		};
		D2411695B92244B5A60CA2F5 /* qt-mobile */ = {
			isa = PBXGroup;
			children = (
				C1868892311A46F68D871846 /* Source Files */,
				7EE2F8A93B354394A6ACA520 /* Header Files */,
				10BF55EDC40847EB8ECDBFCC /* Resources */,
				AAEF00BC1F9A463FB6CC69D2 /* /Users/user/dev/c/qt-mobile/qt-mobile/CMakeLists.txt */,
				032930368DB1454380C9EAA3 /* /Users/user/dev/c/qt-mobile/qt-mobile/mainwindow.ui */,
			);
			name = "qt-mobile";
			sourceTree = "<group>";
		};
		E33ECE9084174FDD8A998A76 /* ALL_BUILD */ = {
			isa = PBXGroup;
			children = (
				B72F73F699D34AAB996BCB32 /* CMake Rules */,
				F0B72DE446384B949D6C8997 /* /Users/user/dev/c/qt-mobile/qt-mobile/CMakeLists.txt */,
			);
			name = ALL_BUILD;
			sourceTree = "<group>";
		};
		F301FA8543914DBF9C91F79E /* Products */ = {
			isa = PBXGroup;
			children = (
				EA7A5DC077F647C18FD878A8 /* qt-mobile */,
			);
			name = Products;
			sourceTree = "<group>";
		};
/* End PBXGroup section */

/* Begin PBXNativeTarget section */
		1A8297FF1B1249D592ABF828 /* qt-mobile */ = {
			isa = PBXNativeTarget;
			buildConfigurationList = 4BFF57E36EFE42F695175D06 /* Build configuration list for PBXNativeTarget "qt-mobile" */;
			buildPhases = (
				69725432CD404655AE251CCD /* Resources */,
				A7D61F9A021F40099FD56B2B /* Sources */,
				D70870C2EA7545E087B3DA65 /* Frameworks */,
			);
			buildRules = (
			);
			dependencies = (
				08ADE43583C64658882999B4 /* PBXTargetDependency */,
				A6B14C9BD6394CC0A214884F /* PBXTargetDependency */,
			);
			name = "qt-mobile";
			productName = "qt-mobile";
			productReference = EA7A5DC077F647C18FD878A8 /* qt-mobile */;
			productType = "com.apple.product-type.application";
		};
/* End PBXNativeTarget section */

/* Begin PBXProject section */
		A741A1130B1D42A7A1725ECE /* Project object */ = {
			isa = PBXProject;
			attributes = {
				BuildIndependentTargetsInParallel = YES;
				LastUpgradeCheck = 1520;
			};
			buildConfigurationList = 665184C2DDC54105A126833C /* Build configuration list for PBXProject "qt-mobile" */;
			buildSettings = {
			};
			buildStyles = (
				218AC9B66FBE4357A4590463 /* Debug */,
				F76C26C497F746C0ADE132FA /* Release */,
				C2875FA309084C0590F03555 /* MinSizeRel */,
				A5C68EA6D9154B139327C17B /* RelWithDebInfo */,
			);
			compatibilityVersion = "Xcode 3.2";
			hasScannedForEncodings = 0;
			mainGroup = 9D16532038684BB4B1C4C95B;
			projectDirPath = "/Users/user/dev/c/qt-mobile/qt-mobile";
			projectRoot = "";
			targets = (
				B435E15BE11443309FCA0897 /* ALL_BUILD */,
				C0A12B5C07FD4A298CDDE11B /* ZERO_CHECK */,
				62B93B208878439C9EE9F318 /* install */,
				1A8297FF1B1249D592ABF828 /* qt-mobile */,
				0ADCC83754D34BBDA451DDD3 /* qt-mobile_autogen */,
			);
		};
/* End PBXProject section */

/* Begin PBXShellScriptBuildPhase section */
		3C0110FC8322DE7E50886E21 = {
			isa = PBXShellScriptBuildPhase;
			buildActionMask = 2147483647;
			files = (
			);
			inputPaths = (
			);
			outputPaths = (
			);
			runOnlyForDeploymentPostprocessing = 0;
			shellPath = /bin/sh;
			shellScript = "# shell script goes here
exit 0";
			showEnvVarsInLog = 0;
		};
		42526889B6A9433F85C5F180 /* Generate CMakeFiles/ALL_BUILD */ = {
			isa = PBXShellScriptBuildPhase;
			alwaysOutOfDate = 1;
			buildActionMask = 2147483647;
			files = (
			);
			inputPaths = (
			);
			name = "Generate CMakeFiles/ALL_BUILD";
			outputPaths = (
"/Users/user/dev/c/qt-mobile/build-qt-mobile-Qt_6_6_2_for_iOS_399b7e/CMakeFiles/ALL_BUILD"			);
			runOnlyForDeploymentPostprocessing = 0;
			shellPath = /bin/sh;
			shellScript = "set -e
if test \"$CONFIGURATION\" = \"Debug\"; then :
  cd /Users/user/dev/c/qt-mobile/build-qt-mobile-Qt_6_6_2_for_iOS_399b7e
  echo Build\\ all\\ projects
fi
if test \"$CONFIGURATION\" = \"Release\"; then :
  cd /Users/user/dev/c/qt-mobile/build-qt-mobile-Qt_6_6_2_for_iOS_399b7e
  echo Build\\ all\\ projects
fi
if test \"$CONFIGURATION\" = \"MinSizeRel\"; then :
  cd /Users/user/dev/c/qt-mobile/build-qt-mobile-Qt_6_6_2_for_iOS_399b7e
  echo Build\\ all\\ projects
fi
if test \"$CONFIGURATION\" = \"RelWithDebInfo\"; then :
  cd /Users/user/dev/c/qt-mobile/build-qt-mobile-Qt_6_6_2_for_iOS_399b7e
  echo Build\\ all\\ projects
fi
";
			showEnvVarsInLog = 0;
		};
		87AF4882E018677E2624B544 = {
			isa = PBXShellScriptBuildPhase;
			buildActionMask = 2147483647;
			files = (
			);
			inputPaths = (
			);
			outputPaths = (
			);
			runOnlyForDeploymentPostprocessing = 0;
			shellPath = /bin/sh;
			shellScript = "# shell script goes here
exit 0";
			showEnvVarsInLog = 0;
		};
		9078121BF0B2AA82FD9698B4 /* Generate CMakeFiles/ZERO_CHECK */ = {
			isa = PBXShellScriptBuildPhase;
			alwaysOutOfDate = 1;
			buildActionMask = 2147483647;
			files = (
			);
			inputPaths = (
			);
			name = "Generate CMakeFiles/ZERO_CHECK";
			outputPaths = (
"/Users/user/dev/c/qt-mobile/build-qt-mobile-Qt_6_6_2_for_iOS_399b7e/CMakeFiles/ZERO_CHECK"			);
			runOnlyForDeploymentPostprocessing = 0;
			shellPath = /bin/sh;
			shellScript = "set -e
if test \"$CONFIGURATION\" = \"Debug\"; then :
  cd /Users/user/dev/c/qt-mobile/build-qt-mobile-Qt_6_6_2_for_iOS_399b7e
  make -f /Users/user/dev/c/qt-mobile/build-qt-mobile-Qt_6_6_2_for_iOS_399b7e/CMakeScripts/ReRunCMake.make
fi
if test \"$CONFIGURATION\" = \"Release\"; then :
  cd /Users/user/dev/c/qt-mobile/build-qt-mobile-Qt_6_6_2_for_iOS_399b7e
  make -f /Users/user/dev/c/qt-mobile/build-qt-mobile-Qt_6_6_2_for_iOS_399b7e/CMakeScripts/ReRunCMake.make
fi
if test \"$CONFIGURATION\" = \"MinSizeRel\"; then :
  cd /Users/user/dev/c/qt-mobile/build-qt-mobile-Qt_6_6_2_for_iOS_399b7e
  make -f /Users/user/dev/c/qt-mobile/build-qt-mobile-Qt_6_6_2_for_iOS_399b7e/CMakeScripts/ReRunCMake.make
fi
if test \"$CONFIGURATION\" = \"RelWithDebInfo\"; then :
  cd /Users/user/dev/c/qt-mobile/build-qt-mobile-Qt_6_6_2_for_iOS_399b7e
  make -f /Users/user/dev/c/qt-mobile/build-qt-mobile-Qt_6_6_2_for_iOS_399b7e/CMakeScripts/ReRunCMake.make
fi
";
			showEnvVarsInLog = 0;
		};
		93426DA6A4AC2C2AC9CE883C /* CMake PostBuild Rules */ = {
			isa = PBXShellScriptBuildPhase;
			alwaysOutOfDate = 1;
			buildActionMask = 2147483647;
			files = (
			);
			name = "CMake PostBuild Rules";
			outputPaths = (
			);
			runOnlyForDeploymentPostprocessing = 0;
			shellPath = /bin/sh;
			shellScript = "set -e
if test \"$CONFIGURATION\" = \"Debug\"; then :
  cd /Users/user/dev/c/qt-mobile/build-qt-mobile-Qt_6_6_2_for_iOS_399b7e
  /opt/homebrew/Cellar/cmake/3.28.3/bin/cmake -DBUILD_TYPE=$CONFIGURATION -DEFFECTIVE_PLATFORM_NAME=$EFFECTIVE_PLATFORM_NAME -P cmake_install.cmake
fi
if test \"$CONFIGURATION\" = \"Release\"; then :
  cd /Users/user/dev/c/qt-mobile/build-qt-mobile-Qt_6_6_2_for_iOS_399b7e
  /opt/homebrew/Cellar/cmake/3.28.3/bin/cmake -DBUILD_TYPE=$CONFIGURATION -DEFFECTIVE_PLATFORM_NAME=$EFFECTIVE_PLATFORM_NAME -P cmake_install.cmake
fi
if test \"$CONFIGURATION\" = \"MinSizeRel\"; then :
  cd /Users/user/dev/c/qt-mobile/build-qt-mobile-Qt_6_6_2_for_iOS_399b7e
  /opt/homebrew/Cellar/cmake/3.28.3/bin/cmake -DBUILD_TYPE=$CONFIGURATION -DEFFECTIVE_PLATFORM_NAME=$EFFECTIVE_PLATFORM_NAME -P cmake_install.cmake
fi
if test \"$CONFIGURATION\" = \"RelWithDebInfo\"; then :
  cd /Users/user/dev/c/qt-mobile/build-qt-mobile-Qt_6_6_2_for_iOS_399b7e
  /opt/homebrew/Cellar/cmake/3.28.3/bin/cmake -DBUILD_TYPE=$CONFIGURATION -DEFFECTIVE_PLATFORM_NAME=$EFFECTIVE_PLATFORM_NAME -P cmake_install.cmake
fi
";
			showEnvVarsInLog = 0;
		};
		9B50530E35CC49C82C2FACCF = {
			isa = PBXShellScriptBuildPhase;
			buildActionMask = 2147483647;
			files = (
			);
			inputPaths = (
			);
			outputPaths = (
			);
			runOnlyForDeploymentPostprocessing = 0;
			shellPath = /bin/sh;
			shellScript = "# shell script goes here
exit 0";
			showEnvVarsInLog = 0;
		};
		CD7A97EDD97C4CA028CDA0BD = {
			isa = PBXShellScriptBuildPhase;
			buildActionMask = 2147483647;
			files = (
			);
			inputPaths = (
			);
			outputPaths = (
			);
			runOnlyForDeploymentPostprocessing = 0;
			shellPath = /bin/sh;
			shellScript = "# shell script goes here
exit 0";
			showEnvVarsInLog = 0;
		};
		FDC80D61891DCA5FBF5B5016 /* Generate CMakeFiles/qt-mobile_autogen */ = {
			isa = PBXShellScriptBuildPhase;
			alwaysOutOfDate = 1;
			buildActionMask = 2147483647;
			files = (
			);
			inputPaths = (
			);
			name = "Generate CMakeFiles/qt-mobile_autogen";
			outputPaths = (
"/Users/user/dev/c/qt-mobile/build-qt-mobile-Qt_6_6_2_for_iOS_399b7e/CMakeFiles/qt-mobile_autogen","/Users/user/dev/c/qt-mobile/build-qt-mobile-Qt_6_6_2_for_iOS_399b7e/qt-mobile_autogen/include_Debug/ui_mainwindow.h","/Users/user/dev/c/qt-mobile/build-qt-mobile-Qt_6_6_2_for_iOS_399b7e/qt-mobile_autogen/include_MinSizeRel/ui_mainwindow.h","/Users/user/dev/c/qt-mobile/build-qt-mobile-Qt_6_6_2_for_iOS_399b7e/qt-mobile_autogen/include_RelWithDebInfo/ui_mainwindow.h","/Users/user/dev/c/qt-mobile/build-qt-mobile-Qt_6_6_2_for_iOS_399b7e/qt-mobile_autogen/include_Release/ui_mainwindow.h","/Users/user/dev/c/qt-mobile/build-qt-mobile-Qt_6_6_2_for_iOS_399b7e/qt-mobile_autogen/mocs_compilation.cpp"			);
			runOnlyForDeploymentPostprocessing = 0;
			shellPath = /bin/sh;
			shellScript = "set -e
if test \"$CONFIGURATION\" = \"Debug\"; then :
  cd /Users/user/dev/c/qt-mobile/build-qt-mobile-Qt_6_6_2_for_iOS_399b7e
  /opt/homebrew/Cellar/cmake/3.28.3/bin/cmake -E cmake_autogen /Users/user/dev/c/qt-mobile/build-qt-mobile-Qt_6_6_2_for_iOS_399b7e/CMakeFiles/qt-mobile_autogen.dir/AutogenInfo.json Debug
fi
if test \"$CONFIGURATION\" = \"Release\"; then :
  cd /Users/user/dev/c/qt-mobile/build-qt-mobile-Qt_6_6_2_for_iOS_399b7e
  /opt/homebrew/Cellar/cmake/3.28.3/bin/cmake -E cmake_autogen /Users/user/dev/c/qt-mobile/build-qt-mobile-Qt_6_6_2_for_iOS_399b7e/CMakeFiles/qt-mobile_autogen.dir/AutogenInfo.json Release
fi
if test \"$CONFIGURATION\" = \"MinSizeRel\"; then :
  cd /Users/user/dev/c/qt-mobile/build-qt-mobile-Qt_6_6_2_for_iOS_399b7e
  /opt/homebrew/Cellar/cmake/3.28.3/bin/cmake -E cmake_autogen /Users/user/dev/c/qt-mobile/build-qt-mobile-Qt_6_6_2_for_iOS_399b7e/CMakeFiles/qt-mobile_autogen.dir/AutogenInfo.json MinSizeRel
fi
if test \"$CONFIGURATION\" = \"RelWithDebInfo\"; then :
  cd /Users/user/dev/c/qt-mobile/build-qt-mobile-Qt_6_6_2_for_iOS_399b7e
  /opt/homebrew/Cellar/cmake/3.28.3/bin/cmake -E cmake_autogen /Users/user/dev/c/qt-mobile/build-qt-mobile-Qt_6_6_2_for_iOS_399b7e/CMakeFiles/qt-mobile_autogen.dir/AutogenInfo.json RelWithDebInfo
fi
";
			showEnvVarsInLog = 0;
		};
/* End PBXShellScriptBuildPhase section */

/* Begin PBXResourcesBuildPhase section */
		69725432CD404655AE251CCD /* Resources */ = {
			isa = PBXResourcesBuildPhase;
			buildActionMask = 2147483647;
			files = (
				7B58727B6FE741A2ADA9D083 /* /Users/user/dev/c/qt-mobile/build-qt-mobile-Qt_6_6_2_for_iOS_399b7e/.qt/launch_screen_storyboards/qt_mobile/LaunchScreen.storyboard */,
			);
			runOnlyForDeploymentPostprocessing = 0;
		};
/* End PBXResourcesBuildPhase section */

/* Begin PBXSourcesBuildPhase section */
		A7D61F9A021F40099FD56B2B /* Sources */ = {
			isa = PBXSourcesBuildPhase;
			buildActionMask = 2147483647;
			files = (
				955E3BCA7B2C4CB9BA11E217 /* /Users/user/dev/c/qt-mobile/build-qt-mobile-Qt_6_6_2_for_iOS_399b7e/qt-mobile_autogen/mocs_compilation.cpp */,
				8F2DA1559AA840049103275E /* /Users/user/dev/c/qt-mobile/qt-mobile/main.cpp */,
				254F0C11B00B4760870192CE /* /Users/user/dev/c/qt-mobile/qt-mobile/mainwindow.cpp */,
			);
			runOnlyForDeploymentPostprocessing = 0;
		};
/* End PBXSourcesBuildPhase section */

/* Begin PBXTargetDependency section */
		075DAAB92D164508AB5A2EA6 /* PBXTargetDependency */ = {
			isa = PBXTargetDependency;
			target = B435E15BE11443309FCA0897 /* ALL_BUILD */;
			targetProxy = AE41D421ACE74CA2BA59ED3E /* PBXContainerItemProxy */;
		};
		08ADE43583C64658882999B4 /* PBXTargetDependency */ = {
			isa = PBXTargetDependency;
			target = 0ADCC83754D34BBDA451DDD3 /* qt-mobile_autogen */;
			targetProxy = 47FF48C837D34B35A564EABC /* PBXContainerItemProxy */;
		};
		5B1EAF3944D0428A9A2AD2BB /* PBXTargetDependency */ = {
			isa = PBXTargetDependency;
			target = C0A12B5C07FD4A298CDDE11B /* ZERO_CHECK */;
			targetProxy = 5C395213831B4F4EA75D7510 /* PBXContainerItemProxy */;
		};
		7C783144FA0E4F7DAC14A7A6 /* PBXTargetDependency */ = {
			isa = PBXTargetDependency;
			target = 1A8297FF1B1249D592ABF828 /* qt-mobile */;
			targetProxy = 7C1DFD2C21C34583917B4FBA /* PBXContainerItemProxy */;
		};
		A6B14C9BD6394CC0A214884F /* PBXTargetDependency */ = {
			isa = PBXTargetDependency;
			target = C0A12B5C07FD4A298CDDE11B /* ZERO_CHECK */;
			targetProxy = 0BF8BEAFBC0243E1B028A517 /* PBXContainerItemProxy */;
		};
		FC90972FA4FB4CC98DC32CEE /* PBXTargetDependency */ = {
			isa = PBXTargetDependency;
			target = C0A12B5C07FD4A298CDDE11B /* ZERO_CHECK */;
			targetProxy = 28C54F73B9C4406DA3DB1084 /* PBXContainerItemProxy */;
		};
/* End PBXTargetDependency section */

/* Begin XCBuildConfiguration section */
		014BD633DE034C8D85342090 /* Debug */ = {
			isa = XCBuildConfiguration;
			buildSettings = {
				ALWAYS_SEARCH_USER_PATHS = NO;
				COMBINE_HIDPI_IMAGES = YES;
				GCC_GENERATE_DEBUGGING_SYMBOLS = YES;
				GCC_INLINES_ARE_PRIVATE_EXTERN = NO;
				GCC_OPTIMIZATION_LEVEL = 0;
				GCC_PREPROCESSOR_DEFINITIONS = ("'CMAKE_INTDIR=\"$(CONFIGURATION)$(EFFECTIVE_PLATFORM_NAME)\"'","$(inherited)");
				GCC_SYMBOLS_PRIVATE_EXTERN = NO;
				INSTALL_PATH = "";
				OTHER_LDFLAGS = ("","$(inherited)");
				OTHER_REZFLAGS = "";
				PRODUCT_NAME = ZERO_CHECK;
				SECTORDER_FLAGS = "";
				USE_HEADERMAP = NO;
				WARNING_CFLAGS = ("$(inherited)");
			};
			name = Debug;
		};
		120C09AAE3E24F76B1B429D1 /* RelWithDebInfo */ = {
			isa = XCBuildConfiguration;
			buildSettings = {
				ALWAYS_SEARCH_USER_PATHS = NO;
				COMBINE_HIDPI_IMAGES = YES;
				GCC_GENERATE_DEBUGGING_SYMBOLS = YES;
				GCC_INLINES_ARE_PRIVATE_EXTERN = NO;
				GCC_OPTIMIZATION_LEVEL = 0;
				GCC_PREPROCESSOR_DEFINITIONS = ("'CMAKE_INTDIR=\"$(CONFIGURATION)$(EFFECTIVE_PLATFORM_NAME)\"'","$(inherited)");
				GCC_SYMBOLS_PRIVATE_EXTERN = NO;
				INSTALL_PATH = "";
				OTHER_LDFLAGS = ("","$(inherited)");
				OTHER_REZFLAGS = "";
				PRODUCT_NAME = ZERO_CHECK;
				SECTORDER_FLAGS = "";
				USE_HEADERMAP = NO;
				WARNING_CFLAGS = ("$(inherited)");
			};
			name = RelWithDebInfo;
		};
		1509ACA77E63469EB8687C66 /* Debug */ = {
			isa = XCBuildConfiguration;
			buildSettings = {
				ALWAYS_SEARCH_USER_PATHS = NO;
				COMBINE_HIDPI_IMAGES = YES;
				GCC_GENERATE_DEBUGGING_SYMBOLS = YES;
				GCC_INLINES_ARE_PRIVATE_EXTERN = NO;
				GCC_OPTIMIZATION_LEVEL = 0;
				GCC_PREPROCESSOR_DEFINITIONS = ("'CMAKE_INTDIR=\"$(CONFIGURATION)$(EFFECTIVE_PLATFORM_NAME)\"'","$(inherited)");
				GCC_SYMBOLS_PRIVATE_EXTERN = NO;
				INSTALL_PATH = "";
				OTHER_LDFLAGS = ("","$(inherited)");
				OTHER_REZFLAGS = "";
				PRODUCT_NAME = "qt-mobile_autogen";
				SECTORDER_FLAGS = "";
				USE_HEADERMAP = NO;
				WARNING_CFLAGS = ("$(inherited)");
			};
			name = Debug;
		};
		1A4ED9C9880C4320A01AFCE1 /* MinSizeRel */ = {
			isa = XCBuildConfiguration;
			buildSettings = {
				ALWAYS_SEARCH_USER_PATHS = NO;
				COMBINE_HIDPI_IMAGES = YES;
				GCC_GENERATE_DEBUGGING_SYMBOLS = YES;
				GCC_INLINES_ARE_PRIVATE_EXTERN = NO;
				GCC_OPTIMIZATION_LEVEL = 0;
				GCC_PREPROCESSOR_DEFINITIONS = ("'CMAKE_INTDIR=\"$(CONFIGURATION)$(EFFECTIVE_PLATFORM_NAME)\"'","$(inherited)");
				GCC_SYMBOLS_PRIVATE_EXTERN = NO;
				INSTALL_PATH = "";
				OTHER_LDFLAGS = ("","$(inherited)");
				OTHER_REZFLAGS = "";
				PRODUCT_NAME = "qt-mobile_autogen";
				SECTORDER_FLAGS = "";
				USE_HEADERMAP = NO;
				WARNING_CFLAGS = ("$(inherited)");
			};
			name = MinSizeRel;
		};
		1A7BF5AF49924B9F80E3F00C /* MinSizeRel */ = {
			isa = XCBuildConfiguration;
			buildSettings = {
				ALWAYS_SEARCH_USER_PATHS = NO;
				COMBINE_HIDPI_IMAGES = YES;
				GCC_GENERATE_DEBUGGING_SYMBOLS = YES;
				GCC_INLINES_ARE_PRIVATE_EXTERN = NO;
				GCC_OPTIMIZATION_LEVEL = 0;
				GCC_PREPROCESSOR_DEFINITIONS = ("'CMAKE_INTDIR=\"$(CONFIGURATION)$(EFFECTIVE_PLATFORM_NAME)\"'","$(inherited)");
				GCC_SYMBOLS_PRIVATE_EXTERN = NO;
				INSTALL_PATH = "";
				OTHER_LDFLAGS = ("","$(inherited)");
				OTHER_REZFLAGS = "";
				PRODUCT_NAME = ZERO_CHECK;
				SECTORDER_FLAGS = "";
				USE_HEADERMAP = NO;
				WARNING_CFLAGS = ("$(inherited)");
			};
			name = MinSizeRel;
		};
		1B27614378CE4C2A960CBBC4 /* Debug */ = {
			isa = XCBuildConfiguration;
			buildSettings = {
				ALWAYS_SEARCH_USER_PATHS = NO;
				COMBINE_HIDPI_IMAGES = YES;
				GCC_GENERATE_DEBUGGING_SYMBOLS = YES;
				GCC_INLINES_ARE_PRIVATE_EXTERN = NO;
				GCC_OPTIMIZATION_LEVEL = 0;
				GCC_PREPROCESSOR_DEFINITIONS = ("'CMAKE_INTDIR=\"$(CONFIGURATION)$(EFFECTIVE_PLATFORM_NAME)\"'","$(inherited)");
				GCC_SYMBOLS_PRIVATE_EXTERN = NO;
				INSTALL_PATH = "";
				OTHER_LDFLAGS = ("","$(inherited)");
				OTHER_REZFLAGS = "";
				PRODUCT_NAME = install;
				SECTORDER_FLAGS = "";
				USE_HEADERMAP = NO;
				WARNING_CFLAGS = ("$(inherited)");
			};
			name = Debug;
		};
		34EB70F3DF6F4FEA8D148657 /* Release */ = {
			isa = XCBuildConfiguration;
			buildSettings = {
				ALWAYS_SEARCH_USER_PATHS = NO;
				COMBINE_HIDPI_IMAGES = YES;
				GCC_GENERATE_DEBUGGING_SYMBOLS = YES;
				GCC_INLINES_ARE_PRIVATE_EXTERN = NO;
				GCC_OPTIMIZATION_LEVEL = 0;
				GCC_PREPROCESSOR_DEFINITIONS = ("'CMAKE_INTDIR=\"$(CONFIGURATION)$(EFFECTIVE_PLATFORM_NAME)\"'","$(inherited)");
				GCC_SYMBOLS_PRIVATE_EXTERN = NO;
				INSTALL_PATH = "";
				OTHER_LDFLAGS = ("","$(inherited)");
				OTHER_REZFLAGS = "";
				PRODUCT_NAME = ZERO_CHECK;
				SECTORDER_FLAGS = "";
				USE_HEADERMAP = NO;
				WARNING_CFLAGS = ("$(inherited)");
			};
			name = Release;
		};
		35EC9F3847A74498AF760054 /* Release */ = {
			isa = XCBuildConfiguration;
			buildSettings = {
				ARCHS = x86_64;
				IPHONEOS_DEPLOYMENT_TARGET = 14.0;
				SDKROOT = iphonesimulator;
				SWIFT_COMPILATION_MODE = wholemodule;
				SYMROOT = "/Users/user/dev/c/qt-mobile/build-qt-mobile-Qt_6_6_2_for_iOS_399b7e/build";
			};
			name = Release;
		};
		3A39C824E4164AB6A821A719 /* RelWithDebInfo */ = {
			isa = XCBuildConfiguration;
			buildSettings = {
				ALWAYS_SEARCH_USER_PATHS = NO;
				COMBINE_HIDPI_IMAGES = YES;
				GCC_GENERATE_DEBUGGING_SYMBOLS = YES;
				GCC_INLINES_ARE_PRIVATE_EXTERN = NO;
				GCC_OPTIMIZATION_LEVEL = 0;
				GCC_PREPROCESSOR_DEFINITIONS = ("'CMAKE_INTDIR=\"$(CONFIGURATION)$(EFFECTIVE_PLATFORM_NAME)\"'","$(inherited)");
				GCC_SYMBOLS_PRIVATE_EXTERN = NO;
				INSTALL_PATH = "";
				OTHER_LDFLAGS = ("","$(inherited)");
				OTHER_REZFLAGS = "";
				PRODUCT_NAME = "qt-mobile_autogen";
				SECTORDER_FLAGS = "";
				USE_HEADERMAP = NO;
				WARNING_CFLAGS = ("$(inherited)");
			};
			name = RelWithDebInfo;
		};
		501F06DEB28F493CA1DFE950 /* Release */ = {
			isa = XCBuildConfiguration;
			buildSettings = {
				ALWAYS_SEARCH_USER_PATHS = NO;
				ARCHS = x86_64;
				"ARCHS[sdk=iphonesimulator*]" = x86_64;
				CODE_SIGN_STYLE = Automatic;
				COMBINE_HIDPI_IMAGES = YES;
				CONFIGURATION_BUILD_DIR = "/Users/user/dev/c/qt-mobile/build-qt-mobile-Qt_6_6_2_for_iOS_399b7e/Release${EFFECTIVE_PLATFORM_NAME}";
				DEVELOPMENT_TEAM = Z86Q9695LN;
				ENABLE_BITCODE = NO;
				EXECUTABLE_PREFIX = "";
				EXECUTABLE_SUFFIX = "";
				GCC_GENERATE_DEBUGGING_SYMBOLS = NO;
				GCC_INLINES_ARE_PRIVATE_EXTERN = NO;
				GCC_OPTIMIZATION_LEVEL = 3;
				GCC_PREPROCESSOR_DEFINITIONS = ("'CMAKE_INTDIR=\"$(CONFIGURATION)$(EFFECTIVE_PLATFORM_NAME)\"'",QT_CORE_LIB,QT_NO_DEBUG,QT_WIDGETS_LIB,QT_GUI_LIB,"$(inherited)");
				GCC_SYMBOLS_PRIVATE_EXTERN = NO;
				HEADER_SEARCH_PATHS = ("/Users/user/dev/c/qt-mobile/build-qt-mobile-Qt_6_6_2_for_iOS_399b7e/qt-mobile_autogen/include_Release","$(inherited)");
				INFOPLIST_FILE = "/Users/user/dev/c/qt-mobile/build-qt-mobile-Qt_6_6_2_for_iOS_399b7e/CMakeFiles/qt-mobile.dir/Info.plist";
				INSTALL_PATH = "$(inherited)";
				ONLY_ACTIVE_ARCH = NO;
				OTHER_CPLUSPLUSFLAGS = "-DQT_QML_DEBUG     -DNDEBUG '-std=gnu++17' ";
				OTHER_LDFLAGS = ("'-Wl,-e,_qt_main_wrapper' -Wl,-headerpad_max_install_names","/Users/user/Qt/6.6.2/ios/plugins/imageformats/objects-Release/QGifPlugin_init/QGifPlugin_init.cpp.o","/Users/user/Qt/6.6.2/ios/plugins/imageformats/objects-Release/QICOPlugin_init/QICOPlugin_init.cpp.o","/Users/user/Qt/6.6.2/ios/plugins/platforms/objects-Release/QIOSIntegrationPlugin_init/QIOSIntegrationPlugin_init.cpp.o","/Users/user/Qt/6.6.2/ios/plugins/imageformats/objects-Release/QJpegPlugin_init/QJpegPlugin_init.cpp.o","/Users/user/Qt/6.6.2/ios/plugins/iconengines/objects-Release/QSvgIconPlugin_init/QSvgIconPlugin_init.cpp.o","/Users/user/Qt/6.6.2/ios/plugins/imageformats/objects-Release/QSvgPlugin_init/QSvgPlugin_init.cpp.o","/Users/user/Qt/6.6.2/ios/lib/objects-Release/Widgets_resources_1/.rcc/qrc_qstyle.cpp.o","/Users/user/Qt/6.6.2/ios/lib/objects-Release/Widgets_resources_2/.rcc/qrc_qstyle1.cpp.o","/Users/user/Qt/6.6.2/ios/lib/objects-Release/Widgets_resources_3/.rcc/qrc_qmessagebox.cpp.o","/Users/user/Qt/6.6.2/ios/lib/objects-Release/Gui_resources_1/.rcc/qrc_qpdf.cpp.o","/Users/user/Qt/6.6.2/ios/lib/objects-Release/Gui_resources_2/.rcc/qrc_gui_shaders.cpp.o",/Users/user/Qt/6.6.2/ios/lib/libQt6Core.a,/Users/user/Qt/6.6.2/ios/lib/libQt6Widgets.a,/Users/user/Qt/6.6.2/ios/plugins/imageformats/libqgif.a,/Users/user/Qt/6.6.2/ios/plugins/imageformats/libqico.a,/Users/user/Qt/6.6.2/ios/plugins/platforms/libqios.a,/Users/user/Qt/6.6.2/ios/plugins/imageformats/libqjpeg.a,/Users/user/Qt/6.6.2/ios/plugins/iconengines/libqsvgicon.a,/Users/user/Qt/6.6.2/ios/plugins/imageformats/libqsvg.a,"-framework AudioToolbox","-framework QuartzCore",/Users/user/Qt/6.6.2/ios/lib/libQt6OpenGL.a,"-framework AssetsLibrary","-framework UniformTypeIdentifiers","-framework Photos",/Users/user/Qt/6.6.2/ios/lib/libQt6BundledLibjpeg.a,/Users/user/Qt/6.6.2/ios/lib/libQt6Svg.a,/Users/user/Qt/6.6.2/ios/lib/libQt6Gui.a,"-framework OpenGLES","-framework ImageIO","-framework CoreGraphics","-framework CoreText","-framework Metal",/Users/user/Qt/6.6.2/ios/lib/libQt6BundledHarfbuzz.a,/Users/user/Qt/6.6.2/ios/lib/libQt6BundledFreetype.a,/Users/user/Qt/6.6.2/ios/lib/libQt6BundledLibpng.a,/Users/user/Qt/6.6.2/ios/lib/libQt6Core.a,"-lz","-framework IOKit","-framework CoreFoundation","-framework Foundation","-lm",/Users/user/Qt/6.6.2/ios/lib/libQt6BundledPcre2.a,"-framework MobileCoreServices","-framework UIKit","$(inherited)");
				OTHER_REZFLAGS = "";
				PRODUCT_BUNDLE_IDENTIFIER = "net.itoyuki.qt-mobile";
				PRODUCT_NAME = "qt-mobile";
				SECTORDER_FLAGS = "";
				SYSTEM_HEADER_SEARCH_PATHS = (/Users/user/Qt/6.6.2/ios/include/QtCore,/Users/user/Qt/6.6.2/ios/include,"/Users/user/Qt/6.6.2/ios/mkspecs/macx-ios-clang",/Users/user/Qt/6.6.2/ios/include/QtWidgets,/Users/user/Qt/6.6.2/ios/include/QtGui,"$(inherited)");
				TARGETED_DEVICE_FAMILY = "1,2";
				TARGET_TEMP_DIR = "/Users/user/dev/c/qt-mobile/build-qt-mobile-Qt_6_6_2_for_iOS_399b7e/build/qt-mobile.build/$(CONFIGURATION)$(EFFECTIVE_PLATFORM_NAME)";
				USE_HEADERMAP = NO;
				WARNING_CFLAGS = ("$(inherited)");
			};
			name = Release;
		};
		5A28D5A5C02740889543E08C /* Debug */ = {
			isa = XCBuildConfiguration;
			buildSettings = {
				ALWAYS_SEARCH_USER_PATHS = NO;
				COMBINE_HIDPI_IMAGES = YES;
				GCC_GENERATE_DEBUGGING_SYMBOLS = YES;
				GCC_INLINES_ARE_PRIVATE_EXTERN = NO;
				GCC_OPTIMIZATION_LEVEL = 0;
				GCC_PREPROCESSOR_DEFINITIONS = ("'CMAKE_INTDIR=\"$(CONFIGURATION)$(EFFECTIVE_PLATFORM_NAME)\"'","$(inherited)");
				GCC_SYMBOLS_PRIVATE_EXTERN = NO;
				INSTALL_PATH = "";
				OTHER_LDFLAGS = ("","$(inherited)");
				OTHER_REZFLAGS = "";
				PRODUCT_NAME = ALL_BUILD;
				SECTORDER_FLAGS = "";
				USE_HEADERMAP = NO;
				WARNING_CFLAGS = ("$(inherited)");
			};
			name = Debug;
		};
		674DC4F3DC854E71972C185C /* Debug */ = {
			isa = XCBuildConfiguration;
			buildSettings = {
				ALWAYS_SEARCH_USER_PATHS = NO;
				ARCHS = x86_64;
				"ARCHS[sdk=iphonesimulator*]" = x86_64;
				CODE_SIGN_STYLE = Automatic;
				COMBINE_HIDPI_IMAGES = YES;
				CONFIGURATION_BUILD_DIR = "/Users/user/dev/c/qt-mobile/build-qt-mobile-Qt_6_6_2_for_iOS_399b7e/Debug${EFFECTIVE_PLATFORM_NAME}";
				DEVELOPMENT_TEAM = Z86Q9695LN;
				ENABLE_BITCODE = NO;
				EXECUTABLE_PREFIX = "";
				EXECUTABLE_SUFFIX = "";
				GCC_GENERATE_DEBUGGING_SYMBOLS = YES;
				GCC_INLINES_ARE_PRIVATE_EXTERN = NO;
				GCC_OPTIMIZATION_LEVEL = 0;
				GCC_PREPROCESSOR_DEFINITIONS = ("'CMAKE_INTDIR=\"$(CONFIGURATION)$(EFFECTIVE_PLATFORM_NAME)\"'",QT_CORE_LIB,QT_WIDGETS_LIB,QT_GUI_LIB,"$(inherited)");
				GCC_SYMBOLS_PRIVATE_EXTERN = NO;
				HEADER_SEARCH_PATHS = ("/Users/user/dev/c/qt-mobile/build-qt-mobile-Qt_6_6_2_for_iOS_399b7e/qt-mobile_autogen/include_Debug","$(inherited)");
				INFOPLIST_FILE = "/Users/user/dev/c/qt-mobile/build-qt-mobile-Qt_6_6_2_for_iOS_399b7e/CMakeFiles/qt-mobile.dir/Info.plist";
				INSTALL_PATH = "$(inherited)";
				ONLY_ACTIVE_ARCH = NO;
				OTHER_CPLUSPLUSFLAGS = "-DQT_QML_DEBUG    '-std=gnu++17' ";
				OTHER_LDFLAGS = ("'-Wl,-e,_qt_main_wrapper' -Wl,-headerpad_max_install_names","/Users/user/Qt/6.6.2/ios/plugins/imageformats/objects-Debug/QGifPlugin_init/QGifPlugin_init.cpp.o","/Users/user/Qt/6.6.2/ios/plugins/imageformats/objects-Debug/QICOPlugin_init/QICOPlugin_init.cpp.o","/Users/user/Qt/6.6.2/ios/plugins/platforms/objects-Debug/QIOSIntegrationPlugin_init/QIOSIntegrationPlugin_init.cpp.o","/Users/user/Qt/6.6.2/ios/plugins/imageformats/objects-Debug/QJpegPlugin_init/QJpegPlugin_init.cpp.o","/Users/user/Qt/6.6.2/ios/plugins/iconengines/objects-Debug/QSvgIconPlugin_init/QSvgIconPlugin_init.cpp.o","/Users/user/Qt/6.6.2/ios/plugins/imageformats/objects-Debug/QSvgPlugin_init/QSvgPlugin_init.cpp.o","/Users/user/Qt/6.6.2/ios/lib/objects-Debug/Widgets_resources_1/.rcc/qrc_qstyle.cpp.o","/Users/user/Qt/6.6.2/ios/lib/objects-Debug/Widgets_resources_2/.rcc/qrc_qstyle1.cpp.o","/Users/user/Qt/6.6.2/ios/lib/objects-Debug/Widgets_resources_3/.rcc/qrc_qmessagebox.cpp.o","/Users/user/Qt/6.6.2/ios/lib/objects-Debug/Gui_resources_1/.rcc/qrc_qpdf.cpp.o","/Users/user/Qt/6.6.2/ios/lib/objects-Debug/Gui_resources_2/.rcc/qrc_gui_shaders.cpp.o",/Users/user/Qt/6.6.2/ios/lib/libQt6Core_debug.a,/Users/user/Qt/6.6.2/ios/lib/libQt6Widgets_debug.a,/Users/user/Qt/6.6.2/ios/plugins/imageformats/libqgif_debug.a,/Users/user/Qt/6.6.2/ios/plugins/imageformats/libqico_debug.a,/Users/user/Qt/6.6.2/ios/plugins/platforms/libqios_debug.a,/Users/user/Qt/6.6.2/ios/plugins/imageformats/libqjpeg_debug.a,/Users/user/Qt/6.6.2/ios/plugins/iconengines/libqsvgicon_debug.a,/Users/user/Qt/6.6.2/ios/plugins/imageformats/libqsvg_debug.a,"-framework AudioToolbox","-framework QuartzCore",/Users/user/Qt/6.6.2/ios/lib/libQt6OpenGL_debug.a,"-framework AssetsLibrary","-framework UniformTypeIdentifiers","-framework Photos",/Users/user/Qt/6.6.2/ios/lib/libQt6BundledLibjpeg_debug.a,/Users/user/Qt/6.6.2/ios/lib/libQt6Svg_debug.a,/Users/user/Qt/6.6.2/ios/lib/libQt6Gui_debug.a,"-framework OpenGLES","-framework ImageIO","-framework CoreGraphics","-framework CoreText","-framework Metal",/Users/user/Qt/6.6.2/ios/lib/libQt6BundledHarfbuzz_debug.a,/Users/user/Qt/6.6.2/ios/lib/libQt6BundledFreetype_debug.a,/Users/user/Qt/6.6.2/ios/lib/libQt6BundledLibpng_debug.a,/Users/user/Qt/6.6.2/ios/lib/libQt6Core_debug.a,"-lz","-framework IOKit","-framework CoreFoundation","-framework Foundation","-lm",/Users/user/Qt/6.6.2/ios/lib/libQt6BundledPcre2_debug.a,"-framework MobileCoreServices","-framework UIKit","$(inherited)");
				OTHER_REZFLAGS = "";
				PRODUCT_BUNDLE_IDENTIFIER = "net.itoyuki.qt-mobile";
				PRODUCT_NAME = "qt-mobile";
				SECTORDER_FLAGS = "";
				SYSTEM_HEADER_SEARCH_PATHS = (/Users/user/Qt/6.6.2/ios/include/QtCore,/Users/user/Qt/6.6.2/ios/include,"/Users/user/Qt/6.6.2/ios/mkspecs/macx-ios-clang",/Users/user/Qt/6.6.2/ios/include/QtWidgets,/Users/user/Qt/6.6.2/ios/include/QtGui,"$(inherited)");
				TARGETED_DEVICE_FAMILY = "1,2";
				TARGET_TEMP_DIR = "/Users/user/dev/c/qt-mobile/build-qt-mobile-Qt_6_6_2_for_iOS_399b7e/build/qt-mobile.build/$(CONFIGURATION)$(EFFECTIVE_PLATFORM_NAME)";
				USE_HEADERMAP = NO;
				WARNING_CFLAGS = ("$(inherited)");
			};
			name = Debug;
		};
		68D0C532C2E94D29B1B45661 /* RelWithDebInfo */ = {
			isa = XCBuildConfiguration;
			buildSettings = {
				ARCHS = x86_64;
				IPHONEOS_DEPLOYMENT_TARGET = 14.0;
				SDKROOT = iphonesimulator;
				SWIFT_COMPILATION_MODE = wholemodule;
				SYMROOT = "/Users/user/dev/c/qt-mobile/build-qt-mobile-Qt_6_6_2_for_iOS_399b7e/build";
			};
			name = RelWithDebInfo;
		};
		7BAE9BCE9CD1411790DFB9E4 /* MinSizeRel */ = {
			isa = XCBuildConfiguration;
			buildSettings = {
				ALWAYS_SEARCH_USER_PATHS = NO;
				COMBINE_HIDPI_IMAGES = YES;
				GCC_GENERATE_DEBUGGING_SYMBOLS = YES;
				GCC_INLINES_ARE_PRIVATE_EXTERN = NO;
				GCC_OPTIMIZATION_LEVEL = 0;
				GCC_PREPROCESSOR_DEFINITIONS = ("'CMAKE_INTDIR=\"$(CONFIGURATION)$(EFFECTIVE_PLATFORM_NAME)\"'","$(inherited)");
				GCC_SYMBOLS_PRIVATE_EXTERN = NO;
				INSTALL_PATH = "";
				OTHER_LDFLAGS = ("","$(inherited)");
				OTHER_REZFLAGS = "";
				PRODUCT_NAME = install;
				SECTORDER_FLAGS = "";
				USE_HEADERMAP = NO;
				WARNING_CFLAGS = ("$(inherited)");
			};
			name = MinSizeRel;
		};
		883E7DB81C2948ADA047CFE4 /* Release */ = {
			isa = XCBuildConfiguration;
			buildSettings = {
				ALWAYS_SEARCH_USER_PATHS = NO;
				COMBINE_HIDPI_IMAGES = YES;
				GCC_GENERATE_DEBUGGING_SYMBOLS = YES;
				GCC_INLINES_ARE_PRIVATE_EXTERN = NO;
				GCC_OPTIMIZATION_LEVEL = 0;
				GCC_PREPROCESSOR_DEFINITIONS = ("'CMAKE_INTDIR=\"$(CONFIGURATION)$(EFFECTIVE_PLATFORM_NAME)\"'","$(inherited)");
				GCC_SYMBOLS_PRIVATE_EXTERN = NO;
				INSTALL_PATH = "";
				OTHER_LDFLAGS = ("","$(inherited)");
				OTHER_REZFLAGS = "";
				PRODUCT_NAME = "qt-mobile_autogen";
				SECTORDER_FLAGS = "";
				USE_HEADERMAP = NO;
				WARNING_CFLAGS = ("$(inherited)");
			};
			name = Release;
		};
		8A0351C0FCC94E3BA948895A /* MinSizeRel */ = {
			isa = XCBuildConfiguration;
			buildSettings = {
				ALWAYS_SEARCH_USER_PATHS = NO;
				COMBINE_HIDPI_IMAGES = YES;
				GCC_GENERATE_DEBUGGING_SYMBOLS = YES;
				GCC_INLINES_ARE_PRIVATE_EXTERN = NO;
				GCC_OPTIMIZATION_LEVEL = 0;
				GCC_PREPROCESSOR_DEFINITIONS = ("'CMAKE_INTDIR=\"$(CONFIGURATION)$(EFFECTIVE_PLATFORM_NAME)\"'","$(inherited)");
				GCC_SYMBOLS_PRIVATE_EXTERN = NO;
				INSTALL_PATH = "";
				OTHER_LDFLAGS = ("","$(inherited)");
				OTHER_REZFLAGS = "";
				PRODUCT_NAME = ALL_BUILD;
				SECTORDER_FLAGS = "";
				USE_HEADERMAP = NO;
				WARNING_CFLAGS = ("$(inherited)");
			};
			name = MinSizeRel;
		};
		9C03AF9E3A0345168C1ED106 /* RelWithDebInfo */ = {
			isa = XCBuildConfiguration;
			buildSettings = {
				ALWAYS_SEARCH_USER_PATHS = NO;
				ARCHS = x86_64;
				"ARCHS[sdk=iphonesimulator*]" = x86_64;
				CODE_SIGN_STYLE = Automatic;
				COMBINE_HIDPI_IMAGES = YES;
				CONFIGURATION_BUILD_DIR = "/Users/user/dev/c/qt-mobile/build-qt-mobile-Qt_6_6_2_for_iOS_399b7e/RelWithDebInfo${EFFECTIVE_PLATFORM_NAME}";
				DEVELOPMENT_TEAM = Z86Q9695LN;
				ENABLE_BITCODE = NO;
				EXECUTABLE_PREFIX = "";
				EXECUTABLE_SUFFIX = "";
				GCC_GENERATE_DEBUGGING_SYMBOLS = YES;
				GCC_INLINES_ARE_PRIVATE_EXTERN = NO;
				GCC_OPTIMIZATION_LEVEL = 2;
				GCC_PREPROCESSOR_DEFINITIONS = ("'CMAKE_INTDIR=\"$(CONFIGURATION)$(EFFECTIVE_PLATFORM_NAME)\"'",QT_CORE_LIB,QT_NO_DEBUG,QT_WIDGETS_LIB,QT_GUI_LIB,"$(inherited)");
				GCC_SYMBOLS_PRIVATE_EXTERN = NO;
				HEADER_SEARCH_PATHS = ("/Users/user/dev/c/qt-mobile/build-qt-mobile-Qt_6_6_2_for_iOS_399b7e/qt-mobile_autogen/include_RelWithDebInfo","$(inherited)");
				INFOPLIST_FILE = "/Users/user/dev/c/qt-mobile/build-qt-mobile-Qt_6_6_2_for_iOS_399b7e/CMakeFiles/qt-mobile.dir/Info.plist";
				INSTALL_PATH = "$(inherited)";
				ONLY_ACTIVE_ARCH = NO;
				OTHER_CPLUSPLUSFLAGS = "-DQT_QML_DEBUG        -DNDEBUG '-std=gnu++17' ";
				OTHER_LDFLAGS = ("'-Wl,-e,_qt_main_wrapper' -Wl,-headerpad_max_install_names","/Users/user/Qt/6.6.2/ios/plugins/imageformats/objects-Release/QGifPlugin_init/QGifPlugin_init.cpp.o","/Users/user/Qt/6.6.2/ios/plugins/imageformats/objects-Release/QICOPlugin_init/QICOPlugin_init.cpp.o","/Users/user/Qt/6.6.2/ios/plugins/platforms/objects-Release/QIOSIntegrationPlugin_init/QIOSIntegrationPlugin_init.cpp.o","/Users/user/Qt/6.6.2/ios/plugins/imageformats/objects-Release/QJpegPlugin_init/QJpegPlugin_init.cpp.o","/Users/user/Qt/6.6.2/ios/plugins/iconengines/objects-Release/QSvgIconPlugin_init/QSvgIconPlugin_init.cpp.o","/Users/user/Qt/6.6.2/ios/plugins/imageformats/objects-Release/QSvgPlugin_init/QSvgPlugin_init.cpp.o","/Users/user/Qt/6.6.2/ios/lib/objects-Release/Widgets_resources_1/.rcc/qrc_qstyle.cpp.o","/Users/user/Qt/6.6.2/ios/lib/objects-Release/Widgets_resources_2/.rcc/qrc_qstyle1.cpp.o","/Users/user/Qt/6.6.2/ios/lib/objects-Release/Widgets_resources_3/.rcc/qrc_qmessagebox.cpp.o","/Users/user/Qt/6.6.2/ios/lib/objects-Release/Gui_resources_1/.rcc/qrc_qpdf.cpp.o","/Users/user/Qt/6.6.2/ios/lib/objects-Release/Gui_resources_2/.rcc/qrc_gui_shaders.cpp.o",/Users/user/Qt/6.6.2/ios/lib/libQt6Core.a,/Users/user/Qt/6.6.2/ios/lib/libQt6Widgets.a,/Users/user/Qt/6.6.2/ios/plugins/imageformats/libqgif.a,/Users/user/Qt/6.6.2/ios/plugins/imageformats/libqico.a,/Users/user/Qt/6.6.2/ios/plugins/platforms/libqios.a,/Users/user/Qt/6.6.2/ios/plugins/imageformats/libqjpeg.a,/Users/user/Qt/6.6.2/ios/plugins/iconengines/libqsvgicon.a,/Users/user/Qt/6.6.2/ios/plugins/imageformats/libqsvg.a,"-framework AudioToolbox","-framework QuartzCore",/Users/user/Qt/6.6.2/ios/lib/libQt6OpenGL.a,"-framework AssetsLibrary","-framework UniformTypeIdentifiers","-framework Photos",/Users/user/Qt/6.6.2/ios/lib/libQt6BundledLibjpeg.a,/Users/user/Qt/6.6.2/ios/lib/libQt6Svg.a,/Users/user/Qt/6.6.2/ios/lib/libQt6Gui.a,"-framework OpenGLES","-framework ImageIO","-framework CoreGraphics","-framework CoreText","-framework Metal",/Users/user/Qt/6.6.2/ios/lib/libQt6BundledHarfbuzz.a,/Users/user/Qt/6.6.2/ios/lib/libQt6BundledFreetype.a,/Users/user/Qt/6.6.2/ios/lib/libQt6BundledLibpng.a,/Users/user/Qt/6.6.2/ios/lib/libQt6Core.a,"-lz","-framework IOKit","-framework CoreFoundation","-framework Foundation","-lm",/Users/user/Qt/6.6.2/ios/lib/libQt6BundledPcre2.a,"-framework MobileCoreServices","-framework UIKit","$(inherited)");
				OTHER_REZFLAGS = "";
				PRODUCT_BUNDLE_IDENTIFIER = "net.itoyuki.qt-mobile";
				PRODUCT_NAME = "qt-mobile";
				SECTORDER_FLAGS = "";
				SYSTEM_HEADER_SEARCH_PATHS = (/Users/user/Qt/6.6.2/ios/include/QtCore,/Users/user/Qt/6.6.2/ios/include,"/Users/user/Qt/6.6.2/ios/mkspecs/macx-ios-clang",/Users/user/Qt/6.6.2/ios/include/QtWidgets,/Users/user/Qt/6.6.2/ios/include/QtGui,"$(inherited)");
				TARGETED_DEVICE_FAMILY = "1,2";
				TARGET_TEMP_DIR = "/Users/user/dev/c/qt-mobile/build-qt-mobile-Qt_6_6_2_for_iOS_399b7e/build/qt-mobile.build/$(CONFIGURATION)$(EFFECTIVE_PLATFORM_NAME)";
				USE_HEADERMAP = NO;
				WARNING_CFLAGS = ("$(inherited)");
			};
			name = RelWithDebInfo;
		};
		A2136A81E44F4412B91D7C7C /* Release */ = {
			isa = XCBuildConfiguration;
			buildSettings = {
				ALWAYS_SEARCH_USER_PATHS = NO;
				COMBINE_HIDPI_IMAGES = YES;
				GCC_GENERATE_DEBUGGING_SYMBOLS = YES;
				GCC_INLINES_ARE_PRIVATE_EXTERN = NO;
				GCC_OPTIMIZATION_LEVEL = 0;
				GCC_PREPROCESSOR_DEFINITIONS = ("'CMAKE_INTDIR=\"$(CONFIGURATION)$(EFFECTIVE_PLATFORM_NAME)\"'","$(inherited)");
				GCC_SYMBOLS_PRIVATE_EXTERN = NO;
				INSTALL_PATH = "";
				OTHER_LDFLAGS = ("","$(inherited)");
				OTHER_REZFLAGS = "";
				PRODUCT_NAME = install;
				SECTORDER_FLAGS = "";
				USE_HEADERMAP = NO;
				WARNING_CFLAGS = ("$(inherited)");
			};
			name = Release;
		};
		A6BB5EDB9FB34CB5AC2E75F9 /* Release */ = {
			isa = XCBuildConfiguration;
			buildSettings = {
				ALWAYS_SEARCH_USER_PATHS = NO;
				COMBINE_HIDPI_IMAGES = YES;
				GCC_GENERATE_DEBUGGING_SYMBOLS = YES;
				GCC_INLINES_ARE_PRIVATE_EXTERN = NO;
				GCC_OPTIMIZATION_LEVEL = 0;
				GCC_PREPROCESSOR_DEFINITIONS = ("'CMAKE_INTDIR=\"$(CONFIGURATION)$(EFFECTIVE_PLATFORM_NAME)\"'","$(inherited)");
				GCC_SYMBOLS_PRIVATE_EXTERN = NO;
				INSTALL_PATH = "";
				OTHER_LDFLAGS = ("","$(inherited)");
				OTHER_REZFLAGS = "";
				PRODUCT_NAME = ALL_BUILD;
				SECTORDER_FLAGS = "";
				USE_HEADERMAP = NO;
				WARNING_CFLAGS = ("$(inherited)");
			};
			name = Release;
		};
		AE60E82483A54D5BA9BB6FAA /* Debug */ = {
			isa = XCBuildConfiguration;
			buildSettings = {
				ARCHS = x86_64;
				IPHONEOS_DEPLOYMENT_TARGET = 14.0;
				SDKROOT = iphonesimulator;
				SYMROOT = "/Users/user/dev/c/qt-mobile/build-qt-mobile-Qt_6_6_2_for_iOS_399b7e/build";
			};
			name = Debug;
		};
		C0B9222FE29D4FAFBCE0B0D4 /* MinSizeRel */ = {
			isa = XCBuildConfiguration;
			buildSettings = {
				ARCHS = x86_64;
				IPHONEOS_DEPLOYMENT_TARGET = 14.0;
				SDKROOT = iphonesimulator;
				SWIFT_COMPILATION_MODE = wholemodule;
				SYMROOT = "/Users/user/dev/c/qt-mobile/build-qt-mobile-Qt_6_6_2_for_iOS_399b7e/build";
			};
			name = MinSizeRel;
		};
		CE1933942201478C8F4DFCE7 /* RelWithDebInfo */ = {
			isa = XCBuildConfiguration;
			buildSettings = {
				ALWAYS_SEARCH_USER_PATHS = NO;
				COMBINE_HIDPI_IMAGES = YES;
				GCC_GENERATE_DEBUGGING_SYMBOLS = YES;
				GCC_INLINES_ARE_PRIVATE_EXTERN = NO;
				GCC_OPTIMIZATION_LEVEL = 0;
				GCC_PREPROCESSOR_DEFINITIONS = ("'CMAKE_INTDIR=\"$(CONFIGURATION)$(EFFECTIVE_PLATFORM_NAME)\"'","$(inherited)");
				GCC_SYMBOLS_PRIVATE_EXTERN = NO;
				INSTALL_PATH = "";
				OTHER_LDFLAGS = ("","$(inherited)");
				OTHER_REZFLAGS = "";
				PRODUCT_NAME = ALL_BUILD;
				SECTORDER_FLAGS = "";
				USE_HEADERMAP = NO;
				WARNING_CFLAGS = ("$(inherited)");
			};
			name = RelWithDebInfo;
		};
		D3FC741124BC407499713C22 /* RelWithDebInfo */ = {
			isa = XCBuildConfiguration;
			buildSettings = {
				ALWAYS_SEARCH_USER_PATHS = NO;
				COMBINE_HIDPI_IMAGES = YES;
				GCC_GENERATE_DEBUGGING_SYMBOLS = YES;
				GCC_INLINES_ARE_PRIVATE_EXTERN = NO;
				GCC_OPTIMIZATION_LEVEL = 0;
				GCC_PREPROCESSOR_DEFINITIONS = ("'CMAKE_INTDIR=\"$(CONFIGURATION)$(EFFECTIVE_PLATFORM_NAME)\"'","$(inherited)");
				GCC_SYMBOLS_PRIVATE_EXTERN = NO;
				INSTALL_PATH = "";
				OTHER_LDFLAGS = ("","$(inherited)");
				OTHER_REZFLAGS = "";
				PRODUCT_NAME = install;
				SECTORDER_FLAGS = "";
				USE_HEADERMAP = NO;
				WARNING_CFLAGS = ("$(inherited)");
			};
			name = RelWithDebInfo;
		};
		E2B9326DD9BE49AA923A474C /* MinSizeRel */ = {
			isa = XCBuildConfiguration;
			buildSettings = {
				ALWAYS_SEARCH_USER_PATHS = NO;
				ARCHS = x86_64;
				"ARCHS[sdk=iphonesimulator*]" = x86_64;
				CODE_SIGN_STYLE = Automatic;
				COMBINE_HIDPI_IMAGES = YES;
				CONFIGURATION_BUILD_DIR = "/Users/user/dev/c/qt-mobile/build-qt-mobile-Qt_6_6_2_for_iOS_399b7e/MinSizeRel${EFFECTIVE_PLATFORM_NAME}";
				DEVELOPMENT_TEAM = Z86Q9695LN;
				ENABLE_BITCODE = NO;
				EXECUTABLE_PREFIX = "";
				EXECUTABLE_SUFFIX = "";
				GCC_GENERATE_DEBUGGING_SYMBOLS = NO;
				GCC_INLINES_ARE_PRIVATE_EXTERN = NO;
				GCC_OPTIMIZATION_LEVEL = s;
				GCC_PREPROCESSOR_DEFINITIONS = ("'CMAKE_INTDIR=\"$(CONFIGURATION)$(EFFECTIVE_PLATFORM_NAME)\"'",QT_CORE_LIB,QT_NO_DEBUG,QT_WIDGETS_LIB,QT_GUI_LIB,"$(inherited)");
				GCC_SYMBOLS_PRIVATE_EXTERN = NO;
				HEADER_SEARCH_PATHS = ("/Users/user/dev/c/qt-mobile/build-qt-mobile-Qt_6_6_2_for_iOS_399b7e/qt-mobile_autogen/include_MinSizeRel","$(inherited)");
				INFOPLIST_FILE = "/Users/user/dev/c/qt-mobile/build-qt-mobile-Qt_6_6_2_for_iOS_399b7e/CMakeFiles/qt-mobile.dir/Info.plist";
				INSTALL_PATH = "$(inherited)";
				ONLY_ACTIVE_ARCH = NO;
				OTHER_CPLUSPLUSFLAGS = "-DQT_QML_DEBUG     -DNDEBUG '-std=gnu++17' ";
				OTHER_LDFLAGS = ("'-Wl,-e,_qt_main_wrapper' -Wl,-headerpad_max_install_names","/Users/user/Qt/6.6.2/ios/plugins/imageformats/objects-Release/QGifPlugin_init/QGifPlugin_init.cpp.o","/Users/user/Qt/6.6.2/ios/plugins/imageformats/objects-Release/QICOPlugin_init/QICOPlugin_init.cpp.o","/Users/user/Qt/6.6.2/ios/plugins/platforms/objects-Release/QIOSIntegrationPlugin_init/QIOSIntegrationPlugin_init.cpp.o","/Users/user/Qt/6.6.2/ios/plugins/imageformats/objects-Release/QJpegPlugin_init/QJpegPlugin_init.cpp.o","/Users/user/Qt/6.6.2/ios/plugins/iconengines/objects-Release/QSvgIconPlugin_init/QSvgIconPlugin_init.cpp.o","/Users/user/Qt/6.6.2/ios/plugins/imageformats/objects-Release/QSvgPlugin_init/QSvgPlugin_init.cpp.o","/Users/user/Qt/6.6.2/ios/lib/objects-Release/Widgets_resources_1/.rcc/qrc_qstyle.cpp.o","/Users/user/Qt/6.6.2/ios/lib/objects-Release/Widgets_resources_2/.rcc/qrc_qstyle1.cpp.o","/Users/user/Qt/6.6.2/ios/lib/objects-Release/Widgets_resources_3/.rcc/qrc_qmessagebox.cpp.o","/Users/user/Qt/6.6.2/ios/lib/objects-Release/Gui_resources_1/.rcc/qrc_qpdf.cpp.o","/Users/user/Qt/6.6.2/ios/lib/objects-Release/Gui_resources_2/.rcc/qrc_gui_shaders.cpp.o",/Users/user/Qt/6.6.2/ios/lib/libQt6Core.a,/Users/user/Qt/6.6.2/ios/lib/libQt6Widgets.a,/Users/user/Qt/6.6.2/ios/plugins/imageformats/libqgif.a,/Users/user/Qt/6.6.2/ios/plugins/imageformats/libqico.a,/Users/user/Qt/6.6.2/ios/plugins/platforms/libqios.a,/Users/user/Qt/6.6.2/ios/plugins/imageformats/libqjpeg.a,/Users/user/Qt/6.6.2/ios/plugins/iconengines/libqsvgicon.a,/Users/user/Qt/6.6.2/ios/plugins/imageformats/libqsvg.a,"-framework AudioToolbox","-framework QuartzCore",/Users/user/Qt/6.6.2/ios/lib/libQt6OpenGL.a,"-framework AssetsLibrary","-framework UniformTypeIdentifiers","-framework Photos",/Users/user/Qt/6.6.2/ios/lib/libQt6BundledLibjpeg.a,/Users/user/Qt/6.6.2/ios/lib/libQt6Svg.a,/Users/user/Qt/6.6.2/ios/lib/libQt6Gui.a,"-framework OpenGLES","-framework ImageIO","-framework CoreGraphics","-framework CoreText","-framework Metal",/Users/user/Qt/6.6.2/ios/lib/libQt6BundledHarfbuzz.a,/Users/user/Qt/6.6.2/ios/lib/libQt6BundledFreetype.a,/Users/user/Qt/6.6.2/ios/lib/libQt6BundledLibpng.a,/Users/user/Qt/6.6.2/ios/lib/libQt6Core.a,"-lz","-framework IOKit","-framework CoreFoundation","-framework Foundation","-lm",/Users/user/Qt/6.6.2/ios/lib/libQt6BundledPcre2.a,"-framework MobileCoreServices","-framework UIKit","$(inherited)");
				OTHER_REZFLAGS = "";
				PRODUCT_BUNDLE_IDENTIFIER = "net.itoyuki.qt-mobile";
				PRODUCT_NAME = "qt-mobile";
				SECTORDER_FLAGS = "";
				SYSTEM_HEADER_SEARCH_PATHS = (/Users/user/Qt/6.6.2/ios/include/QtCore,/Users/user/Qt/6.6.2/ios/include,"/Users/user/Qt/6.6.2/ios/mkspecs/macx-ios-clang",/Users/user/Qt/6.6.2/ios/include/QtWidgets,/Users/user/Qt/6.6.2/ios/include/QtGui,"$(inherited)");
				TARGETED_DEVICE_FAMILY = "1,2";
				TARGET_TEMP_DIR = "/Users/user/dev/c/qt-mobile/build-qt-mobile-Qt_6_6_2_for_iOS_399b7e/build/qt-mobile.build/$(CONFIGURATION)$(EFFECTIVE_PLATFORM_NAME)";
				USE_HEADERMAP = NO;
				WARNING_CFLAGS = ("$(inherited)");
			};
			name = MinSizeRel;
		};
/* End XCBuildConfiguration section */

/* Begin XCConfigurationList section */
		2815076CD6774D758D0C09C4 /* Build configuration list for PBXAggregateTarget "ALL_BUILD" */ = {
			isa = XCConfigurationList;
			buildConfigurations = (
				5A28D5A5C02740889543E08C /* Debug */,
				A6BB5EDB9FB34CB5AC2E75F9 /* Release */,
				8A0351C0FCC94E3BA948895A /* MinSizeRel */,
				CE1933942201478C8F4DFCE7 /* RelWithDebInfo */,
			);
			defaultConfigurationIsVisible = 0;
			defaultConfigurationName = Debug;
		};
		477F1DC0BF464914A85DEC53 /* Build configuration list for PBXAggregateTarget "ZERO_CHECK" */ = {
			isa = XCConfigurationList;
			buildConfigurations = (
				014BD633DE034C8D85342090 /* Debug */,
				34EB70F3DF6F4FEA8D148657 /* Release */,
				1A7BF5AF49924B9F80E3F00C /* MinSizeRel */,
				120C09AAE3E24F76B1B429D1 /* RelWithDebInfo */,
			);
			defaultConfigurationIsVisible = 0;
			defaultConfigurationName = Debug;
		};
		4BFF57E36EFE42F695175D06 /* Build configuration list for PBXNativeTarget "qt-mobile" */ = {
			isa = XCConfigurationList;
			buildConfigurations = (
				674DC4F3DC854E71972C185C /* Debug */,
				501F06DEB28F493CA1DFE950 /* Release */,
				E2B9326DD9BE49AA923A474C /* MinSizeRel */,
				9C03AF9E3A0345168C1ED106 /* RelWithDebInfo */,
			);
			defaultConfigurationIsVisible = 0;
			defaultConfigurationName = Debug;
		};
		665184C2DDC54105A126833C /* Build configuration list for PBXProject "qt-mobile" */ = {
			isa = XCConfigurationList;
			buildConfigurations = (
				AE60E82483A54D5BA9BB6FAA /* Debug */,
				35EC9F3847A74498AF760054 /* Release */,
				C0B9222FE29D4FAFBCE0B0D4 /* MinSizeRel */,
				68D0C532C2E94D29B1B45661 /* RelWithDebInfo */,
			);
			defaultConfigurationIsVisible = 0;
			defaultConfigurationName = Debug;
		};
		AA7A7EDC1A494A299186450F /* Build configuration list for PBXAggregateTarget "qt-mobile_autogen" */ = {
			isa = XCConfigurationList;
			buildConfigurations = (
				1509ACA77E63469EB8687C66 /* Debug */,
				883E7DB81C2948ADA047CFE4 /* Release */,
				1A4ED9C9880C4320A01AFCE1 /* MinSizeRel */,
				3A39C824E4164AB6A821A719 /* RelWithDebInfo */,
			);
			defaultConfigurationIsVisible = 0;
			defaultConfigurationName = Debug;
		};
		E22DF8AAEF8044268F502458 /* Build configuration list for PBXAggregateTarget "install" */ = {
			isa = XCConfigurationList;
			buildConfigurations = (
				1B27614378CE4C2A960CBBC4 /* Debug */,
				A2136A81E44F4412B91D7C7C /* Release */,
				7BAE9BCE9CD1411790DFB9E4 /* MinSizeRel */,
				D3FC741124BC407499713C22 /* RelWithDebInfo */,
			);
			defaultConfigurationIsVisible = 0;
			defaultConfigurationName = Debug;
		};
/* End XCConfigurationList section */
	};
	rootObject = A741A1130B1D42A7A1725ECE /* Project object */;
}
